
Microsoft Visual Studio Solution File, Format Version 12.00
# Visual Studio Version 17
VisualStudioVersion = 17.1.32228.430
MinimumVisualStudioVersion = 10.0.40219.1
Project("{FAE04EC0-301F-11D3-BF4B-00C04F79EFBC}") = "TulWebAPI", "TulWebAPI\TulWebAPI.csproj", "{27E8264E-3EC4-474E-B14F-3E3050473DA9}"
EndProject
Global
	GlobalSection(SolutionConfigurationPlatforms) = preSolution
		Debug|Any CPU = Debug|Any CPU
		Release|Any CPU = Release|Any CPU
	EndGlobalSection
	GlobalSection(ProjectConfigurationPlatforms) = postSolution
		{27E8264E-3EC4-474E-B14F-3E3050473DA9}.Debug|Any CPU.ActiveCfg = Debug|Any CPU
		{27E8264E-3EC4-474E-B14F-3E3050473DA9}.Debug|Any CPU.Build.0 = Debug|Any CPU
		{27E8264E-3EC4-474E-B14F-3E3050473DA9}.Release|Any CPU.ActiveCfg = Release|Any CPU
		{27E8264E-3EC4-474E-B14F-3E3050473DA9}.Release|Any CPU.Build.0 = Release|Any CPU
	EndGlobalSection
	GlobalSection(SolutionProperties) = preSolution
		HideSolutionNode = FALSE
	EndGlobalSection
	GlobalSection(ExtensibilityGlobals) = postSolution
		SolutionGuid = {BB899FC4-F310-4C64-B528-91B71B9A6EDF}
	EndGlobalSection
EndGlobal
